
Microsoft Visual Studio Solution File, Format Version 12.00
# Visual Studio Version 16
VisualStudioVersion = 16.0.31410.357
MinimumVisualStudioVersion = 10.0.40219.1
Project("{FAE04EC0-301F-11D3-BF4B-00C04F79EFBC}") = "Lab6", "Lab6\Lab6.csproj", "{F44FFEEE-8AA2-4864-8E1E-094D698BA63D}"
EndProject
Global
	GlobalSection(SolutionConfigurationPlatforms) = preSolution
		Debug|Any CPU = Debug|Any CPU
		Release|Any CPU = Release|Any CPU
	EndGlobalSection
	GlobalSection(ProjectConfigurationPlatforms) = postSolution
		{F44FFEEE-8AA2-4864-8E1E-094D698BA63D}.Debug|Any CPU.ActiveCfg = Debug|Any CPU
		{F44FFEEE-8AA2-4864-8E1E-094D698BA63D}.Debug|Any CPU.Build.0 = Debug|Any CPU
		{F44FFEEE-8AA2-4864-8E1E-094D698BA63D}.Release|Any CPU.ActiveCfg = Release|Any CPU
		{F44FFEEE-8AA2-4864-8E1E-094D698BA63D}.Release|Any CPU.Build.0 = Release|Any CPU
	EndGlobalSection
	GlobalSection(SolutionProperties) = preSolution
		HideSolutionNode = FALSE
	EndGlobalSection
	GlobalSection(ExtensibilityGlobals) = postSolution
		SolutionGuid = {7257B3A5-D1F9-4160-A81B-90B889FF8244}
	EndGlobalSection
EndGlobal
